
Microsoft Visual Studio Solution File, Format Version 12.00
# Visual Studio 15
VisualStudioVersion = 15.0.28307.757
MinimumVisualStudioVersion = 10.0.40219.1
Project("{9A19103F-16F7-4668-BE54-9A1E7A4F7556}") = "jwt-authentication-dotnetcore-webapi", "jwt-authentication-dotnetcore-webapi\jwt-authentication-dotnetcore-webapi.csproj", "{BE15AFD2-89E7-49AB-BB87-A2682C0D8D43}"
EndProject
Global
	GlobalSection(SolutionConfigurationPlatforms) = preSolution
		Debug|Any CPU = Debug|Any CPU
		Release|Any CPU = Release|Any CPU
	EndGlobalSection
	GlobalSection(ProjectConfigurationPlatforms) = postSolution
		{BE15AFD2-89E7-49AB-BB87-A2682C0D8D43}.Debug|Any CPU.ActiveCfg = Debug|Any CPU
		{BE15AFD2-89E7-49AB-BB87-A2682C0D8D43}.Debug|Any CPU.Build.0 = Debug|Any CPU
		{BE15AFD2-89E7-49AB-BB87-A2682C0D8D43}.Release|Any CPU.ActiveCfg = Release|Any CPU
		{BE15AFD2-89E7-49AB-BB87-A2682C0D8D43}.Release|Any CPU.Build.0 = Release|Any CPU
	EndGlobalSection
	GlobalSection(SolutionProperties) = preSolution
		HideSolutionNode = FALSE
	EndGlobalSection
	GlobalSection(ExtensibilityGlobals) = postSolution
		SolutionGuid = {EFE962EA-D78D-4343-8A64-68C3287AD903}
	EndGlobalSection
EndGlobal
